
Microsoft Visual Studio Solution File, Format Version 12.00
# Visual Studio Version 17
VisualStudioVersion = 17.6.33723.286
MinimumVisualStudioVersion = 10.0.40219.1
Project("{9A19103F-16F7-4668-BE54-9A1E7A4F7556}") = "ControlStock.Server", "ControlStock\Server\ControlStock.Server.csproj", "{A7A8CB6C-DE22-49FA-B1E3-E81DD37AFE48}"
EndProject
Project("{9A19103F-16F7-4668-BE54-9A1E7A4F7556}") = "ControlStock.Client", "ControlStock\Client\ControlStock.Client.csproj", "{1DDFE1EE-959A-4C8D-B72E-8052A1ACA63E}"
EndProject
Project("{9A19103F-16F7-4668-BE54-9A1E7A4F7556}") = "ControlStock.Shared", "ControlStock\Shared\ControlStock.Shared.csproj", "{46EE0706-B44B-4FAF-A9AF-7166E67C2A89}"
EndProject
Project("{9A19103F-16F7-4668-BE54-9A1E7A4F7556}") = "Stock.BData", "Stock.BData\Stock.BData.csproj", "{EF435A8F-700E-43DE-8ABF-8D38CA0403F9}"
EndProject
Global
	GlobalSection(SolutionConfigurationPlatforms) = preSolution
		Debug|Any CPU = Debug|Any CPU
		Release|Any CPU = Release|Any CPU
	EndGlobalSection
	GlobalSection(ProjectConfigurationPlatforms) = postSolution
		{A7A8CB6C-DE22-49FA-B1E3-E81DD37AFE48}.Debug|Any CPU.ActiveCfg = Debug|Any CPU
		{A7A8CB6C-DE22-49FA-B1E3-E81DD37AFE48}.Debug|Any CPU.Build.0 = Debug|Any CPU
		{A7A8CB6C-DE22-49FA-B1E3-E81DD37AFE48}.Release|Any CPU.ActiveCfg = Release|Any CPU
		{A7A8CB6C-DE22-49FA-B1E3-E81DD37AFE48}.Release|Any CPU.Build.0 = Release|Any CPU
		{1DDFE1EE-959A-4C8D-B72E-8052A1ACA63E}.Debug|Any CPU.ActiveCfg = Debug|Any CPU
		{1DDFE1EE-959A-4C8D-B72E-8052A1ACA63E}.Debug|Any CPU.Build.0 = Debug|Any CPU
		{1DDFE1EE-959A-4C8D-B72E-8052A1ACA63E}.Release|Any CPU.ActiveCfg = Release|Any CPU
		{1DDFE1EE-959A-4C8D-B72E-8052A1ACA63E}.Release|Any CPU.Build.0 = Release|Any CPU
		{46EE0706-B44B-4FAF-A9AF-7166E67C2A89}.Debug|Any CPU.ActiveCfg = Debug|Any CPU
		{46EE0706-B44B-4FAF-A9AF-7166E67C2A89}.Debug|Any CPU.Build.0 = Debug|Any CPU
		{46EE0706-B44B-4FAF-A9AF-7166E67C2A89}.Release|Any CPU.ActiveCfg = Release|Any CPU
		{46EE0706-B44B-4FAF-A9AF-7166E67C2A89}.Release|Any CPU.Build.0 = Release|Any CPU
		{EF435A8F-700E-43DE-8ABF-8D38CA0403F9}.Debug|Any CPU.ActiveCfg = Debug|Any CPU
		{EF435A8F-700E-43DE-8ABF-8D38CA0403F9}.Debug|Any CPU.Build.0 = Debug|Any CPU
		{EF435A8F-700E-43DE-8ABF-8D38CA0403F9}.Release|Any CPU.ActiveCfg = Release|Any CPU
		{EF435A8F-700E-43DE-8ABF-8D38CA0403F9}.Release|Any CPU.Build.0 = Release|Any CPU
	EndGlobalSection
	GlobalSection(SolutionProperties) = preSolution
		HideSolutionNode = FALSE
	EndGlobalSection
	GlobalSection(ExtensibilityGlobals) = postSolution
		SolutionGuid = {D633C6E1-E670-423E-8376-CA600997D8A4}
	EndGlobalSection
EndGlobal
